
Microsoft Visual Studio Solution File, Format Version 12.00
Project("{FAE04EC0-301F-11D3-BF4B-00C04F79EFBC}") = "AssignmentThree", "AssignmentThree\AssignmentThree.csproj", "{149A4756-87D1-4AE4-B65F-11A20A049758}"
EndProject
Global
	GlobalSection(SolutionConfigurationPlatforms) = preSolution
		Debug|Any CPU = Debug|Any CPU
		Release|Any CPU = Release|Any CPU
	EndGlobalSection
	GlobalSection(ProjectConfigurationPlatforms) = postSolution
		{149A4756-87D1-4AE4-B65F-11A20A049758}.Debug|Any CPU.ActiveCfg = Debug|Any CPU
		{149A4756-87D1-4AE4-B65F-11A20A049758}.Debug|Any CPU.Build.0 = Debug|Any CPU
		{149A4756-87D1-4AE4-B65F-11A20A049758}.Release|Any CPU.ActiveCfg = Release|Any CPU
		{149A4756-87D1-4AE4-B65F-11A20A049758}.Release|Any CPU.Build.0 = Release|Any CPU
	EndGlobalSection
EndGlobal
